// !$*UTF8*$!
{
	archiveVersion = 1;
	classes = {
	};
	objectVersion = 56;
	objects = {

/* Begin PBXBuildFile section */
		1D1C18BB294125F300E848DB /* TaskEditController.swift in Sources */ = {isa = PBXBuildFile; fileRef = 1D1C18BA294125F300E848DB /* TaskEditController.swift */; };
		1D1C18BE29412BCD00E848DB /* TaskTypeCell.swift in Sources */ = {isa = PBXBuildFile; fileRef = 1D1C18BC29412BCD00E848DB /* TaskTypeCell.swift */; };
		1D1C18BF29412BCD00E848DB /* TaskTypeCell.xib in Resources */ = {isa = PBXBuildFile; fileRef = 1D1C18BD29412BCD00E848DB /* TaskTypeCell.xib */; };
		1D1C18C129412E8200E848DB /* TaskTypeController.swift in Sources */ = {isa = PBXBuildFile; fileRef = 1D1C18C029412E8200E848DB /* TaskTypeController.swift */; };
		1D412CCF293BAAD900F19A9F /* AppDelegate.swift in Sources */ = {isa = PBXBuildFile; fileRef = 1D412CCE293BAAD900F19A9F /* AppDelegate.swift */; };
		1D412CD1293BAAD900F19A9F /* SceneDelegate.swift in Sources */ = {isa = PBXBuildFile; fileRef = 1D412CD0293BAAD900F19A9F /* SceneDelegate.swift */; };
		1D412CD6293BAAD900F19A9F /* Main.storyboard in Resources */ = {isa = PBXBuildFile; fileRef = 1D412CD4293BAAD900F19A9F /* Main.storyboard */; };
		1D412CD8293BAADA00F19A9F /* Assets.xcassets in Resources */ = {isa = PBXBuildFile; fileRef = 1D412CD7293BAADA00F19A9F /* Assets.xcassets */; };
		1D412CDB293BAADA00F19A9F /* LaunchScreen.storyboard in Resources */ = {isa = PBXBuildFile; fileRef = 1D412CD9293BAADA00F19A9F /* LaunchScreen.storyboard */; };
		1D412CE3293BAB7A00F19A9F /* TaskListController.swift in Sources */ = {isa = PBXBuildFile; fileRef = 1D412CE2293BAB7A00F19A9F /* TaskListController.swift */; };
		1D412CE5293BABCB00F19A9F /* Task.swift in Sources */ = {isa = PBXBuildFile; fileRef = 1D412CE4293BABCB00F19A9F /* Task.swift */; };
		1D412CE8293BAC6E00F19A9F /* TaskStorage.swift in Sources */ = {isa = PBXBuildFile; fileRef = 1D412CE7293BAC6E00F19A9F /* TaskStorage.swift */; };
		1D412CED293BB85400F19A9F /* TaskCell.swift in Sources */ = {isa = PBXBuildFile; fileRef = 1D412CEC293BB85400F19A9F /* TaskCell.swift */; };
/* End PBXBuildFile section */

/* Begin PBXFileReference section */
		1D1C18BA294125F300E848DB /* TaskEditController.swift */ = {isa = PBXFileReference; lastKnownFileType = sourcecode.swift; path = TaskEditController.swift; sourceTree = "<group>"; };
		1D1C18BC29412BCD00E848DB /* TaskTypeCell.swift */ = {isa = PBXFileReference; lastKnownFileType = sourcecode.swift; path = TaskTypeCell.swift; sourceTree = "<group>"; };
		1D1C18BD29412BCD00E848DB /* TaskTypeCell.xib */ = {isa = PBXFileReference; lastKnownFileType = file.xib; path = TaskTypeCell.xib; sourceTree = "<group>"; };
		1D1C18C029412E8200E848DB /* TaskTypeController.swift */ = {isa = PBXFileReference; lastKnownFileType = sourcecode.swift; path = TaskTypeController.swift; sourceTree = "<group>"; };
		1D412CCB293BAAD900F19A9F /* MyDiary.app */ = {isa = PBXFileReference; explicitFileType = wrapper.application; includeInIndex = 0; path = MyDiary.app; sourceTree = BUILT_PRODUCTS_DIR; };
		1D412CCE293BAAD900F19A9F /* AppDelegate.swift */ = {isa = PBXFileReference; lastKnownFileType = sourcecode.swift; path = AppDelegate.swift; sourceTree = "<group>"; };
		1D412CD0293BAAD900F19A9F /* SceneDelegate.swift */ = {isa = PBXFileReference; lastKnownFileType = sourcecode.swift; path = SceneDelegate.swift; sourceTree = "<group>"; };
		1D412CD5293BAAD900F19A9F /* Base */ = {isa = PBXFileReference; lastKnownFileType = file.storyboard; name = Base; path = Base.lproj/Main.storyboard; sourceTree = "<group>"; };
		1D412CD7293BAADA00F19A9F /* Assets.xcassets */ = {isa = PBXFileReference; lastKnownFileType = folder.assetcatalog; path = Assets.xcassets; sourceTree = "<group>"; };
		1D412CDA293BAADA00F19A9F /* Base */ = {isa = PBXFileReference; lastKnownFileType = file.storyboard; name = Base; path = Base.lproj/LaunchScreen.storyboard; sourceTree = "<group>"; };
		1D412CDC293BAADA00F19A9F /* Info.plist */ = {isa = PBXFileReference; lastKnownFileType = text.plist.xml; path = Info.plist; sourceTree = "<group>"; };
		1D412CE2293BAB7A00F19A9F /* TaskListController.swift */ = {isa = PBXFileReference; lastKnownFileType = sourcecode.swift; path = TaskListController.swift; sourceTree = "<group>"; };
		1D412CE4293BABCB00F19A9F /* Task.swift */ = {isa = PBXFileReference; lastKnownFileType = sourcecode.swift; path = Task.swift; sourceTree = "<group>"; };
		1D412CE7293BAC6E00F19A9F /* TaskStorage.swift */ = {isa = PBXFileReference; lastKnownFileType = sourcecode.swift; path = TaskStorage.swift; sourceTree = "<group>"; };
		1D412CEC293BB85400F19A9F /* TaskCell.swift */ = {isa = PBXFileReference; lastKnownFileType = sourcecode.swift; path = TaskCell.swift; sourceTree = "<group>"; };
/* End PBXFileReference section */

/* Begin PBXFrameworksBuildPhase section */
		1D412CC8293BAAD900F19A9F /* Frameworks */ = {
			isa = PBXFrameworksBuildPhase;
			buildActionMask = 2147483647;
			files = (
			);
			runOnlyForDeploymentPostprocessing = 0;
		};
/* End PBXFrameworksBuildPhase section */

/* Begin PBXGroup section */
		1D1C18B8294125A200E848DB /* Controller */ = {
			isa = PBXGroup;
			children = (
				1D412CE2293BAB7A00F19A9F /* TaskListController.swift */,
				1D1C18BA294125F300E848DB /* TaskEditController.swift */,
				1D1C18C029412E8200E848DB /* TaskTypeController.swift */,
			);
			path = Controller;
			sourceTree = "<group>";
		};
		1D412CC2293BAAD900F19A9F = {
			isa = PBXGroup;
			children = (
				1D412CCD293BAAD900F19A9F /* MyDiary */,
				1D412CCC293BAAD900F19A9F /* Products */,
			);
			sourceTree = "<group>";
		};
		1D412CCC293BAAD900F19A9F /* Products */ = {
			isa = PBXGroup;
			children = (
				1D412CCB293BAAD900F19A9F /* MyDiary.app */,
			);
			name = Products;
			sourceTree = "<group>";
		};
		1D412CCD293BAAD900F19A9F /* MyDiary */ = {
			isa = PBXGroup;
			children = (
				1D412CE6293BABF800F19A9F /* Model */,
				1D412CEA293BB7B600F19A9F /* View */,
				1D1C18B8294125A200E848DB /* Controller */,
				1D412CCE293BAAD900F19A9F /* AppDelegate.swift */,
				1D412CD0293BAAD900F19A9F /* SceneDelegate.swift */,
				1D412CD4293BAAD900F19A9F /* Main.storyboard */,
				1D412CD7293BAADA00F19A9F /* Assets.xcassets */,
				1D412CD9293BAADA00F19A9F /* LaunchScreen.storyboard */,
				1D412CDC293BAADA00F19A9F /* Info.plist */,
			);
			path = MyDiary;
			sourceTree = "<group>";
		};
		1D412CE6293BABF800F19A9F /* Model */ = {
			isa = PBXGroup;
			children = (
				1D412CE4293BABCB00F19A9F /* Task.swift */,
				1D412CE7293BAC6E00F19A9F /* TaskStorage.swift */,
			);
			path = Model;
			sourceTree = "<group>";
		};
		1D412CEA293BB7B600F19A9F /* View */ = {
			isa = PBXGroup;
			children = (
				1D412CEB293BB7C800F19A9F /* Cells */,
			);
			path = View;
			sourceTree = "<group>";
		};
		1D412CEB293BB7C800F19A9F /* Cells */ = {
			isa = PBXGroup;
			children = (
				1D412CEC293BB85400F19A9F /* TaskCell.swift */,
				1D1C18BC29412BCD00E848DB /* TaskTypeCell.swift */,
				1D1C18BD29412BCD00E848DB /* TaskTypeCell.xib */,
			);
			path = Cells;
			sourceTree = "<group>";
		};
/* End PBXGroup section */

/* Begin PBXNativeTarget section */
		1D412CCA293BAAD900F19A9F /* MyDiary */ = {
			isa = PBXNativeTarget;
			buildConfigurationList = 1D412CDF293BAADA00F19A9F /* Build configuration list for PBXNativeTarget "MyDiary" */;
			buildPhases = (
				1D412CC7293BAAD900F19A9F /* Sources */,
				1D412CC8293BAAD900F19A9F /* Frameworks */,
				1D412CC9293BAAD900F19A9F /* Resources */,
			);
			buildRules = (
			);
			dependencies = (
			);
			name = MyDiary;
			productName = MyDiary;
			productReference = 1D412CCB293BAAD900F19A9F /* MyDiary.app */;
			productType = "com.apple.product-type.application";
		};
/* End PBXNativeTarget section */

/* Begin PBXProject section */
		1D412CC3293BAAD900F19A9F /* Project object */ = {
			isa = PBXProject;
			attributes = {
				BuildIndependentTargetsInParallel = 1;
				LastSwiftUpdateCheck = 1410;
				LastUpgradeCheck = 1410;
				TargetAttributes = {
					1D412CCA293BAAD900F19A9F = {
						CreatedOnToolsVersion = 14.1;
					};
				};
			};
			buildConfigurationList = 1D412CC6293BAAD900F19A9F /* Build configuration list for PBXProject "MyDiary" */;
			compatibilityVersion = "Xcode 14.0";
			developmentRegion = en;
			hasScannedForEncodings = 0;
			knownRegions = (
				en,
				Base,
			);
			mainGroup = 1D412CC2293BAAD900F19A9F;
			productRefGroup = 1D412CCC293BAAD900F19A9F /* Products */;
			projectDirPath = "";
			projectRoot = "";
			targets = (
				1D412CCA293BAAD900F19A9F /* MyDiary */,
			);
		};
/* End PBXProject section */

/* Begin PBXResourcesBuildPhase section */
		1D412CC9293BAAD900F19A9F /* Resources */ = {
			isa = PBXResourcesBuildPhase;
			buildActionMask = 2147483647;
			files = (
				1D412CDB293BAADA00F19A9F /* LaunchScreen.storyboard in Resources */,
				1D412CD8293BAADA00F19A9F /* Assets.xcassets in Resources */,
				1D1C18BF29412BCD00E848DB /* TaskTypeCell.xib in Resources */,
				1D412CD6293BAAD900F19A9F /* Main.storyboard in Resources */,
			);
			runOnlyForDeploymentPostprocessing = 0;
		};
/* End PBXResourcesBuildPhase section */

/* Begin PBXSourcesBuildPhase section */
		1D412CC7293BAAD900F19A9F /* Sources */ = {
			isa = PBXSourcesBuildPhase;
			buildActionMask = 2147483647;
			files = (
				1D412CCF293BAAD900F19A9F /* AppDelegate.swift in Sources */,
				1D1C18C129412E8200E848DB /* TaskTypeController.swift in Sources */,
				1D412CE8293BAC6E00F19A9F /* TaskStorage.swift in Sources */,
				1D1C18BE29412BCD00E848DB /* TaskTypeCell.swift in Sources */,
				1D412CE5293BABCB00F19A9F /* Task.swift in Sources */,
				1D412CED293BB85400F19A9F /* TaskCell.swift in Sources */,
				1D412CE3293BAB7A00F19A9F /* TaskListController.swift in Sources */,
				1D412CD1293BAAD900F19A9F /* SceneDelegate.swift in Sources */,
				1D1C18BB294125F300E848DB /* TaskEditController.swift in Sources */,
			);
			runOnlyForDeploymentPostprocessing = 0;
		};
/* End PBXSourcesBuildPhase section */

/* Begin PBXVariantGroup section */
		1D412CD4293BAAD900F19A9F /* Main.storyboard */ = {
			isa = PBXVariantGroup;
			children = (
				1D412CD5293BAAD900F19A9F /* Base */,
			);
			name = Main.storyboard;
			sourceTree = "<group>";
		};
		1D412CD9293BAADA00F19A9F /* LaunchScreen.storyboard */ = {
			isa = PBXVariantGroup;
			children = (
				1D412CDA293BAADA00F19A9F /* Base */,
			);
			name = LaunchScreen.storyboard;
			sourceTree = "<group>";
		};
/* End PBXVariantGroup section */

/* Begin XCBuildConfiguration section */
		1D412CDD293BAADA00F19A9F /* Debug */ = {
			isa = XCBuildConfiguration;
			buildSettings = {
				ALWAYS_SEARCH_USER_PATHS = NO;
				CLANG_ANALYZER_NONNULL = YES;
				CLANG_ANALYZER_NUMBER_OBJECT_CONVERSION = YES_AGGRESSIVE;
				CLANG_CXX_LANGUAGE_STANDARD = "gnu++20";
				CLANG_ENABLE_MODULES = YES;
				CLANG_ENABLE_OBJC_ARC = YES;
				CLANG_ENABLE_OBJC_WEAK = YES;
				CLANG_WARN_BLOCK_CAPTURE_AUTORELEASING = YES;
				CLANG_WARN_BOOL_CONVERSION = YES;
				CLANG_WARN_COMMA = YES;
				CLANG_WARN_CONSTANT_CONVERSION = YES;
				CLANG_WARN_DEPRECATED_OBJC_IMPLEMENTATIONS = YES;
				CLANG_WARN_DIRECT_OBJC_ISA_USAGE = YES_ERROR;
				CLANG_WARN_DOCUMENTATION_COMMENTS = YES;
				CLANG_WARN_EMPTY_BODY = YES;
				CLANG_WARN_ENUM_CONVERSION = YES;
				CLANG_WARN_INFINITE_RECURSION = YES;
				CLANG_WARN_INT_CONVERSION = YES;
				CLANG_WARN_NON_LITERAL_NULL_CONVERSION = YES;
				CLANG_WARN_OBJC_IMPLICIT_RETAIN_SELF = YES;
				CLANG_WARN_OBJC_LITERAL_CONVERSION = YES;
				CLANG_WARN_OBJC_ROOT_CLASS = YES_ERROR;
				CLANG_WARN_QUOTED_INCLUDE_IN_FRAMEWORK_HEADER = YES;
				CLANG_WARN_RANGE_LOOP_ANALYSIS = YES;
				CLANG_WARN_STRICT_PROTOTYPES = YES;
				CLANG_WARN_SUSPICIOUS_MOVE = YES;
				CLANG_WARN_UNGUARDED_AVAILABILITY = YES_AGGRESSIVE;
				CLANG_WARN_UNREACHABLE_CODE = YES;
				CLANG_WARN__DUPLICATE_METHOD_MATCH = YES;
				COPY_PHASE_STRIP = NO;
				DEBUG_INFORMATION_FORMAT = dwarf;
				ENABLE_STRICT_OBJC_MSGSEND = YES;
				ENABLE_TESTABILITY = YES;
				GCC_C_LANGUAGE_STANDARD = gnu11;
				GCC_DYNAMIC_NO_PIC = NO;
				GCC_NO_COMMON_BLOCKS = YES;
				GCC_OPTIMIZATION_LEVEL = 0;
				GCC_PREPROCESSOR_DEFINITIONS = (
					"DEBUG=1",
					"$(inherited)",
				);
				GCC_WARN_64_TO_32_BIT_CONVERSION = YES;
				GCC_WARN_ABOUT_RETURN_TYPE = YES_ERROR;
				GCC_WARN_UNDECLARED_SELECTOR = YES;
				GCC_WARN_UNINITIALIZED_AUTOS = YES_AGGRESSIVE;
				GCC_WARN_UNUSED_FUNCTION = YES;
				GCC_WARN_UNUSED_VARIABLE = YES;
				IPHONEOS_DEPLOYMENT_TARGET = 16.1;
				MTL_ENABLE_DEBUG_INFO = INCLUDE_SOURCE;
				MTL_FAST_MATH = YES;
				ONLY_ACTIVE_ARCH = YES;
				SDKROOT = iphoneos;
				SWIFT_ACTIVE_COMPILATION_CONDITIONS = DEBUG;
				SWIFT_OPTIMIZATION_LEVEL = "-Onone";
			};
			name = Debug;
		};
		1D412CDE293BAADA00F19A9F /* Release */ = {
			isa = XCBuildConfiguration;
			buildSettings = {
				ALWAYS_SEARCH_USER_PATHS = NO;
				CLANG_ANALYZER_NONNULL = YES;
				CLANG_ANALYZER_NUMBER_OBJECT_CONVERSION = YES_AGGRESSIVE;
				CLANG_CXX_LANGUAGE_STANDARD = "gnu++20";
				CLANG_ENABLE_MODULES = YES;
				CLANG_ENABLE_OBJC_ARC = YES;
				CLANG_ENABLE_OBJC_WEAK = YES;
				CLANG_WARN_BLOCK_CAPTURE_AUTORELEASING = YES;
				CLANG_WARN_BOOL_CONVERSION = YES;
				CLANG_WARN_COMMA = YES;
				CLANG_WARN_CONSTANT_CONVERSION = YES;
				CLANG_WARN_DEPRECATED_OBJC_IMPLEMENTATIONS = YES;
				CLANG_WARN_DIRECT_OBJC_ISA_USAGE = YES_ERROR;
				CLANG_WARN_DOCUMENTATION_COMMENTS = YES;
				CLANG_WARN_EMPTY_BODY = YES;
				CLANG_WARN_ENUM_CONVERSION = YES;
				CLANG_WARN_INFINITE_RECURSION = YES;
				CLANG_WARN_INT_CONVERSION = YES;
				CLANG_WARN_NON_LITERAL_NULL_CONVERSION = YES;
				CLANG_WARN_OBJC_IMPLICIT_RETAIN_SELF = YES;
				CLANG_WARN_OBJC_LITERAL_CONVERSION = YES;
				CLANG_WARN_OBJC_ROOT_CLASS = YES_ERROR;
				CLANG_WARN_QUOTED_INCLUDE_IN_FRAMEWORK_HEADER = YES;
				CLANG_WARN_RANGE_LOOP_ANALYSIS = YES;
				CLANG_WARN_STRICT_PROTOTYPES = YES;
				CLANG_WARN_SUSPICIOUS_MOVE = YES;
				CLANG_WARN_UNGUARDED_AVAILABILITY = YES_AGGRESSIVE;
				CLANG_WARN_UNREACHABLE_CODE = YES;
				CLANG_WARN__DUPLICATE_METHOD_MATCH = YES;
				COPY_PHASE_STRIP = NO;
				DEBUG_INFORMATION_FORMAT = "dwarf-with-dsym";
				ENABLE_NS_ASSERTIONS = NO;
				ENABLE_STRICT_OBJC_MSGSEND = YES;
				GCC_C_LANGUAGE_STANDARD = gnu11;
				GCC_NO_COMMON_BLOCKS = YES;
				GCC_WARN_64_TO_32_BIT_CONVERSION = YES;
				GCC_WARN_ABOUT_RETURN_TYPE = YES_ERROR;
				GCC_WARN_UNDECLARED_SELECTOR = YES;
				GCC_WARN_UNINITIALIZED_AUTOS = YES_AGGRESSIVE;
				GCC_WARN_UNUSED_FUNCTION = YES;
				GCC_WARN_UNUSED_VARIABLE = YES;
				IPHONEOS_DEPLOYMENT_TARGET = 16.1;
				MTL_ENABLE_DEBUG_INFO = NO;
				MTL_FAST_MATH = YES;
				SDKROOT = iphoneos;
				SWIFT_COMPILATION_MODE = wholemodule;
				SWIFT_OPTIMIZATION_LEVEL = "-O";
				VALIDATE_PRODUCT = YES;
			};
			name = Release;
		};
		1D412CE0293BAADA00F19A9F /* Debug */ = {
			isa = XCBuildConfiguration;
			buildSettings = {
				ASSETCATALOG_COMPILER_APPICON_NAME = AppIcon;
				ASSETCATALOG_COMPILER_GLOBAL_ACCENT_COLOR_NAME = AccentColor;
				CODE_SIGN_STYLE = Automatic;
				CURRENT_PROJECT_VERSION = 1;
				DEVELOPMENT_TEAM = 85NV4V26D2;
				GENERATE_INFOPLIST_FILE = YES;
				INFOPLIST_FILE = MyDiary/Info.plist;
				INFOPLIST_KEY_CFBundleDisplayName = MyCheckList;
				INFOPLIST_KEY_UIApplicationSupportsIndirectInputEvents = YES;
				INFOPLIST_KEY_UILaunchStoryboardName = LaunchScreen;
				INFOPLIST_KEY_UIMainStoryboardFile = Main;
				INFOPLIST_KEY_UISupportedInterfaceOrientations_iPad = "UIInterfaceOrientationPortrait UIInterfaceOrientationPortraitUpsideDown UIInterfaceOrientationLandscapeLeft UIInterfaceOrientationLandscapeRight";
				INFOPLIST_KEY_UISupportedInterfaceOrientations_iPhone = "UIInterfaceOrientationPortrait UIInterfaceOrientationLandscapeLeft UIInterfaceOrientationLandscapeRight";
				LD_RUNPATH_SEARCH_PATHS = (
					"$(inherited)",
					"@executable_path/Frameworks",
				);
				MARKETING_VERSION = 1.0;
				PRODUCT_BUNDLE_IDENTIFIER = dimash.MyCheckList;
				PRODUCT_NAME = "$(TARGET_NAME)";
				SWIFT_EMIT_LOC_STRINGS = YES;
				SWIFT_VERSION = 5.0;
				TARGETED_DEVICE_FAMILY = "1,2";
			};
			name = Debug;
		};
		1D412CE1293BAADA00F19A9F /* Release */ = {
			isa = XCBuildConfiguration;
			buildSettings = {
				ASSETCATALOG_COMPILER_APPICON_NAME = AppIcon;
				ASSETCATALOG_COMPILER_GLOBAL_ACCENT_COLOR_NAME = AccentColor;
				CODE_SIGN_STYLE = Automatic;
				CURRENT_PROJECT_VERSION = 1;
				DEVELOPMENT_TEAM = 85NV4V26D2;
				GENERATE_INFOPLIST_FILE = YES;
				INFOPLIST_FILE = MyDiary/Info.plist;
				INFOPLIST_KEY_CFBundleDisplayName = MyCheckList;
				INFOPLIST_KEY_UIApplicationSupportsIndirectInputEvents = YES;
				INFOPLIST_KEY_UILaunchStoryboardName = LaunchScreen;
				INFOPLIST_KEY_UIMainStoryboardFile = Main;
				INFOPLIST_KEY_UISupportedInterfaceOrientations_iPad = "UIInterfaceOrientationPortrait UIInterfaceOrientationPortraitUpsideDown UIInterfaceOrientationLandscapeLeft UIInterfaceOrientationLandscapeRight";
				INFOPLIST_KEY_UISupportedInterfaceOrientations_iPhone = "UIInterfaceOrientationPortrait UIInterfaceOrientationLandscapeLeft UIInterfaceOrientationLandscapeRight";
				LD_RUNPATH_SEARCH_PATHS = (
					"$(inherited)",
					"@executable_path/Frameworks",
				);
				MARKETING_VERSION = 1.0;
				PRODUCT_BUNDLE_IDENTIFIER = dimash.MyCheckList;
				PRODUCT_NAME = "$(TARGET_NAME)";
				SWIFT_EMIT_LOC_STRINGS = YES;
				SWIFT_VERSION = 5.0;
				TARGETED_DEVICE_FAMILY = "1,2";
			};
			name = Release;
		};
/* End XCBuildConfiguration section */

/* Begin XCConfigurationList section */
		1D412CC6293BAAD900F19A9F /* Build configuration list for PBXProject "MyDiary" */ = {
			isa = XCConfigurationList;
			buildConfigurations = (
				1D412CDD293BAADA00F19A9F /* Debug */,
				1D412CDE293BAADA00F19A9F /* Release */,
			);
			defaultConfigurationIsVisible = 0;
			defaultConfigurationName = Release;
		};
		1D412CDF293BAADA00F19A9F /* Build configuration list for PBXNativeTarget "MyDiary" */ = {
			isa = XCConfigurationList;
			buildConfigurations = (
				1D412CE0293BAADA00F19A9F /* Debug */,
				1D412CE1293BAADA00F19A9F /* Release */,
			);
			defaultConfigurationIsVisible = 0;
			defaultConfigurationName = Release;
		};
/* End XCConfigurationList section */
	};
	rootObject = 1D412CC3293BAAD900F19A9F /* Project object */;
}
